
Microsoft Visual Studio Solution File, Format Version 12.00
# Visual Studio Version 16
VisualStudioVersion = 16.0.29519.87
MinimumVisualStudioVersion = 10.0.40219.1
Project("{9A19103F-16F7-4668-BE54-9A1E7A4F7556}") = "WebApi", "WebApi\WebApi.csproj", "{CFCF717E-4D33-4659-8DA7-E2444CDE6FFA}"
EndProject
Project("{9A19103F-16F7-4668-BE54-9A1E7A4F7556}") = "Domain.Tests", "Domain.Tests\Domain.Tests.csproj", "{09C4A411-B552-4EC9-BABB-8FEB492951F9}"
EndProject
Project("{9A19103F-16F7-4668-BE54-9A1E7A4F7556}") = "WebApi.Contracts", "WebApi.Contracts\WebApi.Contracts.csproj", "{3E777B58-6F67-4585-8275-896B0BB48CCA}"
EndProject
Project("{2150E333-8FDC-42A3-9474-1A3956D46DE8}") = "Tests", "Tests", "{F0126AC5-6DAA-4D60-BEF2-1B43ADC43C2C}"
EndProject
Project("{9A19103F-16F7-4668-BE54-9A1E7A4F7556}") = "Domain", "Domain\Domain.csproj", "{E7FD4377-0C6C-4FB3-A195-FF333AA3AE1B}"
EndProject
Project("{9A19103F-16F7-4668-BE54-9A1E7A4F7556}") = "Common", "Common\Common.csproj", "{1D8EA186-FB0F-41B9-88CB-8609A426F1AF}"
EndProject
Project("{9A19103F-16F7-4668-BE54-9A1E7A4F7556}") = "WebApi.Contracts.Tests", "WebApi.Contracts.Tests\WebApi.Contracts.Tests.csproj", "{2B9C3D01-F623-48CA-99EF-BCCE50599C90}"
EndProject
Global
	GlobalSection(SolutionConfigurationPlatforms) = preSolution
		Debug|Any CPU = Debug|Any CPU
		Release|Any CPU = Release|Any CPU
	EndGlobalSection
	GlobalSection(ProjectConfigurationPlatforms) = postSolution
		{CFCF717E-4D33-4659-8DA7-E2444CDE6FFA}.Debug|Any CPU.ActiveCfg = Debug|Any CPU
		{CFCF717E-4D33-4659-8DA7-E2444CDE6FFA}.Debug|Any CPU.Build.0 = Debug|Any CPU
		{CFCF717E-4D33-4659-8DA7-E2444CDE6FFA}.Release|Any CPU.ActiveCfg = Release|Any CPU
		{CFCF717E-4D33-4659-8DA7-E2444CDE6FFA}.Release|Any CPU.Build.0 = Release|Any CPU
		{09C4A411-B552-4EC9-BABB-8FEB492951F9}.Debug|Any CPU.ActiveCfg = Debug|Any CPU
		{09C4A411-B552-4EC9-BABB-8FEB492951F9}.Debug|Any CPU.Build.0 = Debug|Any CPU
		{09C4A411-B552-4EC9-BABB-8FEB492951F9}.Release|Any CPU.ActiveCfg = Release|Any CPU
		{09C4A411-B552-4EC9-BABB-8FEB492951F9}.Release|Any CPU.Build.0 = Release|Any CPU
		{3E777B58-6F67-4585-8275-896B0BB48CCA}.Debug|Any CPU.ActiveCfg = Debug|Any CPU
		{3E777B58-6F67-4585-8275-896B0BB48CCA}.Debug|Any CPU.Build.0 = Debug|Any CPU
		{3E777B58-6F67-4585-8275-896B0BB48CCA}.Release|Any CPU.ActiveCfg = Release|Any CPU
		{3E777B58-6F67-4585-8275-896B0BB48CCA}.Release|Any CPU.Build.0 = Release|Any CPU
		{E7FD4377-0C6C-4FB3-A195-FF333AA3AE1B}.Debug|Any CPU.ActiveCfg = Debug|Any CPU
		{E7FD4377-0C6C-4FB3-A195-FF333AA3AE1B}.Debug|Any CPU.Build.0 = Debug|Any CPU
		{E7FD4377-0C6C-4FB3-A195-FF333AA3AE1B}.Release|Any CPU.ActiveCfg = Release|Any CPU
		{E7FD4377-0C6C-4FB3-A195-FF333AA3AE1B}.Release|Any CPU.Build.0 = Release|Any CPU
		{1D8EA186-FB0F-41B9-88CB-8609A426F1AF}.Debug|Any CPU.ActiveCfg = Debug|Any CPU
		{1D8EA186-FB0F-41B9-88CB-8609A426F1AF}.Debug|Any CPU.Build.0 = Debug|Any CPU
		{1D8EA186-FB0F-41B9-88CB-8609A426F1AF}.Release|Any CPU.ActiveCfg = Release|Any CPU
		{1D8EA186-FB0F-41B9-88CB-8609A426F1AF}.Release|Any CPU.Build.0 = Release|Any CPU
		{2B9C3D01-F623-48CA-99EF-BCCE50599C90}.Debug|Any CPU.ActiveCfg = Debug|Any CPU
		{2B9C3D01-F623-48CA-99EF-BCCE50599C90}.Debug|Any CPU.Build.0 = Debug|Any CPU
		{2B9C3D01-F623-48CA-99EF-BCCE50599C90}.Release|Any CPU.ActiveCfg = Release|Any CPU
		{2B9C3D01-F623-48CA-99EF-BCCE50599C90}.Release|Any CPU.Build.0 = Release|Any CPU
	EndGlobalSection
	GlobalSection(SolutionProperties) = preSolution
		HideSolutionNode = FALSE
	EndGlobalSection
	GlobalSection(NestedProjects) = preSolution
		{09C4A411-B552-4EC9-BABB-8FEB492951F9} = {F0126AC5-6DAA-4D60-BEF2-1B43ADC43C2C}
		{2B9C3D01-F623-48CA-99EF-BCCE50599C90} = {F0126AC5-6DAA-4D60-BEF2-1B43ADC43C2C}
	EndGlobalSection
	GlobalSection(ExtensibilityGlobals) = postSolution
		SolutionGuid = {8A4B4516-A3E4-4D8D-912C-44BE57D3EAD1}
	EndGlobalSection
EndGlobal
